Microsoft Visual Studio Solution File, Format Version 12.00
# Visual Studio 2012
Project("{FAE04EC0-301F-11D3-BF4B-00C04F79EFBC}") = "F2V", "F2V.csproj", "{94379C8D-A740-43DD-ACBD-31214086976A}"
EndProject
Global
	GlobalSection(SolutionConfigurationPlatforms) = preSolution
	Debug|Any CPU = Debug|Any CPU
	ExportDebug|Any CPU = ExportDebug|Any CPU
	ExportRelease|Any CPU = ExportRelease|Any CPU
	EndGlobalSection
	GlobalSection(ProjectConfigurationPlatforms) = postSolution
		{94379C8D-A740-43DD-ACBD-31214086976A}.Debug|Any CPU.ActiveCfg = Debug|Any CPU
		{94379C8D-A740-43DD-ACBD-31214086976A}.Debug|Any CPU.Build.0 = Debug|Any CPU
		{94379C8D-A740-43DD-ACBD-31214086976A}.ExportDebug|Any CPU.ActiveCfg = ExportDebug|Any CPU
		{94379C8D-A740-43DD-ACBD-31214086976A}.ExportDebug|Any CPU.Build.0 = ExportDebug|Any CPU
		{94379C8D-A740-43DD-ACBD-31214086976A}.ExportRelease|Any CPU.ActiveCfg = ExportRelease|Any CPU
		{94379C8D-A740-43DD-ACBD-31214086976A}.ExportRelease|Any CPU.Build.0 = ExportRelease|Any CPU
	EndGlobalSection
EndGlobal
